
Microsoft Visual Studio Solution File, Format Version 12.00
# Visual Studio 14
VisualStudioVersion = 14.0.25420.1
MinimumVisualStudioVersion = 10.0.40219.1
Project("{FAE04EC0-301F-11D3-BF4B-00C04F79EFBC}") = "DemoRabbitMQ", "DemoRabbitMQ\DemoRabbitMQ.csproj", "{A2D61EB6-382E-4B65-87A0-B1A56C87CEEC}"
EndProject
Project("{FAE04EC0-301F-11D3-BF4B-00C04F79EFBC}") = "DemoRabbitMQSubscribe", "DemoRabbitMQSubscribe\DemoRabbitMQSubscribe.csproj", "{0D598117-C48C-4CA2-8F3A-6B5B09615584}"
EndProject
Global
	GlobalSection(SolutionConfigurationPlatforms) = preSolution
		Debug|Any CPU = Debug|Any CPU
		Release|Any CPU = Release|Any CPU
	EndGlobalSection
	GlobalSection(ProjectConfigurationPlatforms) = postSolution
		{A2D61EB6-382E-4B65-87A0-B1A56C87CEEC}.Debug|Any CPU.ActiveCfg = Debug|Any CPU
		{A2D61EB6-382E-4B65-87A0-B1A56C87CEEC}.Debug|Any CPU.Build.0 = Debug|Any CPU
		{A2D61EB6-382E-4B65-87A0-B1A56C87CEEC}.Release|Any CPU.ActiveCfg = Release|Any CPU
		{A2D61EB6-382E-4B65-87A0-B1A56C87CEEC}.Release|Any CPU.Build.0 = Release|Any CPU
		{0D598117-C48C-4CA2-8F3A-6B5B09615584}.Debug|Any CPU.ActiveCfg = Debug|Any CPU
		{0D598117-C48C-4CA2-8F3A-6B5B09615584}.Debug|Any CPU.Build.0 = Debug|Any CPU
		{0D598117-C48C-4CA2-8F3A-6B5B09615584}.Release|Any CPU.ActiveCfg = Release|Any CPU
		{0D598117-C48C-4CA2-8F3A-6B5B09615584}.Release|Any CPU.Build.0 = Release|Any CPU
	EndGlobalSection
	GlobalSection(SolutionProperties) = preSolution
		HideSolutionNode = FALSE
	EndGlobalSection
EndGlobal
